
Microsoft Visual Studio Solution File, Format Version 12.00
# Visual Studio Version 16
VisualStudioVersion = 16.0.28803.452
MinimumVisualStudioVersion = 10.0.40219.1
Project("{FAE04EC0-301F-11D3-BF4B-00C04F79EFBC}") = "MySoapConsumer", "MySoapConsumer\MySoapConsumer.csproj", "{A2511555-F6E1-4B88-80CB-CB2D9980143C}"
EndProject
Global
	GlobalSection(SolutionConfigurationPlatforms) = preSolution
		Debug|Any CPU = Debug|Any CPU
		Release|Any CPU = Release|Any CPU
	EndGlobalSection
	GlobalSection(ProjectConfigurationPlatforms) = postSolution
		{A2511555-F6E1-4B88-80CB-CB2D9980143C}.Debug|Any CPU.ActiveCfg = Debug|Any CPU
		{A2511555-F6E1-4B88-80CB-CB2D9980143C}.Debug|Any CPU.Build.0 = Debug|Any CPU
		{A2511555-F6E1-4B88-80CB-CB2D9980143C}.Release|Any CPU.ActiveCfg = Release|Any CPU
		{A2511555-F6E1-4B88-80CB-CB2D9980143C}.Release|Any CPU.Build.0 = Release|Any CPU
	EndGlobalSection
	GlobalSection(SolutionProperties) = preSolution
		HideSolutionNode = FALSE
	EndGlobalSection
	GlobalSection(ExtensibilityGlobals) = postSolution
		SolutionGuid = {63C03BCB-3B91-438A-A39D-EC981BAC5970}
	EndGlobalSection
EndGlobal
